{
  "name": "rainfall-data-prep",
  "version": "1.0.0",
  "lockfileVersion": 3,
  "requires": true,
  "packages": {
    "": {
      "name": "rainfall-data-prep",
      "version": "1.0.0",
      "dependencies": {
        "double-metaphone": "^2.0.1"
      }
    },
    "node_modules/double-metaphone": {
      "version": "2.0.1",
      "resolved": "https://registry.npmjs.org/double-metaphone/-/double-metaphone-2.0.1.tgz",
      "integrity": "sha512-oHqGfNo2bG/VTZSGFz98TWpyv3WD+d9TDOxwAY8L+zqwm4sGawNvEynegjPU+4HowE4HnIXSYAq0lst2YJgfzA==",
      "license": "MIT",
      "bin": {
        "double-metaphone": "cli.js"
      },
      "funding": {
        "type": "github",
        "url": "https://github.com/sponsors/wooorm"
      }
    }
  }
}
